
Microsoft Visual Studio Solution File, Format Version 12.00
# Visual Studio Version 17
VisualStudioVersion = 17.4.32804.182
MinimumVisualStudioVersion = 10.0.40219.1
Project("{9A19103F-16F7-4668-BE54-9A1E7A4F7556}") = "Foundation.Example.CronJob", "Examples\Foundation.Example.CronJob\Foundation.Example.CronJob.csproj", "{F8BABA7E-180E-4338-8628-8C32E4AF0A6F}"
EndProject
Project("{9A19103F-16F7-4668-BE54-9A1E7A4F7556}") = "Foundation.ServiceBuilder.AzureDefault", "Libraries\Foundation.ServiceBuilder.AzureDefault\Foundation.ServiceBuilder.AzureDefault.csproj", "{013775A5-CC62-454E-BAAF-7583C871AFD9}"
EndProject
Project("{9A19103F-16F7-4668-BE54-9A1E7A4F7556}") = "Foundation.Logging.EventHubLogger", "Libraries\Foundation.Logging.EventHubLogger\Foundation.Logging.EventHubLogger.csproj", "{BF34DB31-1CFF-4A2B-8885-CAA3723949A9}"
EndProject
Project("{9A19103F-16F7-4668-BE54-9A1E7A4F7556}") = "Foundation.Configuration.KeyVault", "Libraries\Foundation.Configuration.KeyVault\Foundation.Configuration.KeyVault.csproj", "{B03072C7-6BEB-448A-A474-29390ADA6D95}"
EndProject
Project("{9A19103F-16F7-4668-BE54-9A1E7A4F7556}") = "Foundation.ServiceBuilder", "Libraries\Foundation.ServiceBuilder\Foundation.ServiceBuilder.csproj", "{50E2AE9F-FC97-46B1-B517-3911FA3B3635}"
EndProject
Global
	GlobalSection(SolutionConfigurationPlatforms) = preSolution
		Debug|Any CPU = Debug|Any CPU
		Release|Any CPU = Release|Any CPU
	EndGlobalSection
	GlobalSection(ProjectConfigurationPlatforms) = postSolution
		{F8BABA7E-180E-4338-8628-8C32E4AF0A6F}.Debug|Any CPU.ActiveCfg = Debug|Any CPU
		{F8BABA7E-180E-4338-8628-8C32E4AF0A6F}.Debug|Any CPU.Build.0 = Debug|Any CPU
		{F8BABA7E-180E-4338-8628-8C32E4AF0A6F}.Release|Any CPU.ActiveCfg = Release|Any CPU
		{F8BABA7E-180E-4338-8628-8C32E4AF0A6F}.Release|Any CPU.Build.0 = Release|Any CPU
		{013775A5-CC62-454E-BAAF-7583C871AFD9}.Debug|Any CPU.ActiveCfg = Debug|Any CPU
		{013775A5-CC62-454E-BAAF-7583C871AFD9}.Debug|Any CPU.Build.0 = Debug|Any CPU
		{013775A5-CC62-454E-BAAF-7583C871AFD9}.Release|Any CPU.ActiveCfg = Release|Any CPU
		{013775A5-CC62-454E-BAAF-7583C871AFD9}.Release|Any CPU.Build.0 = Release|Any CPU
		{BF34DB31-1CFF-4A2B-8885-CAA3723949A9}.Debug|Any CPU.ActiveCfg = Debug|Any CPU
		{BF34DB31-1CFF-4A2B-8885-CAA3723949A9}.Debug|Any CPU.Build.0 = Debug|Any CPU
		{BF34DB31-1CFF-4A2B-8885-CAA3723949A9}.Release|Any CPU.ActiveCfg = Release|Any CPU
		{BF34DB31-1CFF-4A2B-8885-CAA3723949A9}.Release|Any CPU.Build.0 = Release|Any CPU
		{B03072C7-6BEB-448A-A474-29390ADA6D95}.Debug|Any CPU.ActiveCfg = Debug|Any CPU
		{B03072C7-6BEB-448A-A474-29390ADA6D95}.Debug|Any CPU.Build.0 = Debug|Any CPU
		{B03072C7-6BEB-448A-A474-29390ADA6D95}.Release|Any CPU.ActiveCfg = Release|Any CPU
		{B03072C7-6BEB-448A-A474-29390ADA6D95}.Release|Any CPU.Build.0 = Release|Any CPU
		{50E2AE9F-FC97-46B1-B517-3911FA3B3635}.Debug|Any CPU.ActiveCfg = Debug|Any CPU
		{50E2AE9F-FC97-46B1-B517-3911FA3B3635}.Debug|Any CPU.Build.0 = Debug|Any CPU
		{50E2AE9F-FC97-46B1-B517-3911FA3B3635}.Release|Any CPU.ActiveCfg = Release|Any CPU
		{50E2AE9F-FC97-46B1-B517-3911FA3B3635}.Release|Any CPU.Build.0 = Release|Any CPU
	EndGlobalSection
	GlobalSection(SolutionProperties) = preSolution
		HideSolutionNode = FALSE
	EndGlobalSection
	GlobalSection(ExtensibilityGlobals) = postSolution
		SolutionGuid = {B9FF1DAD-4705-4B67-86AF-73984FD26A3B}
	EndGlobalSection
EndGlobal
