
Microsoft Visual Studio Solution File, Format Version 12.00
# Visual Studio Version 17
VisualStudioVersion = 17.4.32804.182
MinimumVisualStudioVersion = 10.0.40219.1
Project("{9A19103F-16F7-4668-BE54-9A1E7A4F7556}") = "Foundation.Example.WebAPI", "Examples\Foundation.Example.WebAPI\Foundation.Example.WebAPI.csproj", "{0FA9455A-D36E-42BA-8307-B2BD5B2E9809}"
EndProject
Project("{9A19103F-16F7-4668-BE54-9A1E7A4F7556}") = "Foundation.Hosting.Kestrel.CertBinding", "Libraries\Foundation.Hosting.Kestrel.CertBinding\Foundation.Hosting.Kestrel.CertBinding.csproj", "{AF7ECC8F-A5D4-420B-A5A3-5BE411B33169}"
EndProject
Global
	GlobalSection(SolutionConfigurationPlatforms) = preSolution
		Debug|Any CPU = Debug|Any CPU
		Release|Any CPU = Release|Any CPU
	EndGlobalSection
	GlobalSection(ProjectConfigurationPlatforms) = postSolution
		{0FA9455A-D36E-42BA-8307-B2BD5B2E9809}.Debug|Any CPU.ActiveCfg = Debug|Any CPU
		{0FA9455A-D36E-42BA-8307-B2BD5B2E9809}.Debug|Any CPU.Build.0 = Debug|Any CPU
		{0FA9455A-D36E-42BA-8307-B2BD5B2E9809}.Release|Any CPU.ActiveCfg = Release|Any CPU
		{0FA9455A-D36E-42BA-8307-B2BD5B2E9809}.Release|Any CPU.Build.0 = Release|Any CPU
		{AF7ECC8F-A5D4-420B-A5A3-5BE411B33169}.Debug|Any CPU.ActiveCfg = Debug|Any CPU
		{AF7ECC8F-A5D4-420B-A5A3-5BE411B33169}.Debug|Any CPU.Build.0 = Debug|Any CPU
		{AF7ECC8F-A5D4-420B-A5A3-5BE411B33169}.Release|Any CPU.ActiveCfg = Release|Any CPU
		{AF7ECC8F-A5D4-420B-A5A3-5BE411B33169}.Release|Any CPU.Build.0 = Release|Any CPU
	EndGlobalSection
	GlobalSection(SolutionProperties) = preSolution
		HideSolutionNode = FALSE
	EndGlobalSection
	GlobalSection(ExtensibilityGlobals) = postSolution
		SolutionGuid = {C0631CC8-E893-4108-828F-D2A5ED743235}
	EndGlobalSection
EndGlobal
