
Microsoft Visual Studio Solution File, Format Version 12.00
# Visual Studio Version 17
VisualStudioVersion = 17.4.32804.182
MinimumVisualStudioVersion = 10.0.40219.1
Project("{9A19103F-16F7-4668-BE54-9A1E7A4F7556}") = "Foundation.Azure.ContainerRegistry.Retention", "Foundation.Azure.ContainerRegistry.Retention\Foundation.Azure.ContainerRegistry.Retention.csproj", "{B60C56A6-3C9E-4291-B2CD-0F0FFE9D2CA3}"
EndProject
Project("{FAE04EC0-301F-11D3-BF4B-00C04F79EFBC}") = "Foundation.Azure.ContainerRegistry.Retention.Core", "Foundation.Azure.ContainerRegistry.Retention.Core\Foundation.Azure.ContainerRegistry.Retention.Core.csproj", "{B733A20E-1650-4C80-9F17-38A07CA9E2D9}"
EndProject
Project("{FAE04EC0-301F-11D3-BF4B-00C04F79EFBC}") = "Foundation.Processing.Pipeline", "..\..\Libraries\Foundation.Processing.Pipeline\Foundation.Processing.Pipeline.csproj", "{DF6B81AD-35B4-49D3-B93D-AAEEFA56E62F}"
EndProject
Global
	GlobalSection(SolutionConfigurationPlatforms) = preSolution
		Debug|Any CPU = Debug|Any CPU
		Release|Any CPU = Release|Any CPU
	EndGlobalSection
	GlobalSection(ProjectConfigurationPlatforms) = postSolution
		{B60C56A6-3C9E-4291-B2CD-0F0FFE9D2CA3}.Debug|Any CPU.ActiveCfg = Debug|Any CPU
		{B60C56A6-3C9E-4291-B2CD-0F0FFE9D2CA3}.Debug|Any CPU.Build.0 = Debug|Any CPU
		{B60C56A6-3C9E-4291-B2CD-0F0FFE9D2CA3}.Release|Any CPU.ActiveCfg = Release|Any CPU
		{B60C56A6-3C9E-4291-B2CD-0F0FFE9D2CA3}.Release|Any CPU.Build.0 = Release|Any CPU
		{B733A20E-1650-4C80-9F17-38A07CA9E2D9}.Debug|Any CPU.ActiveCfg = Debug|Any CPU
		{B733A20E-1650-4C80-9F17-38A07CA9E2D9}.Debug|Any CPU.Build.0 = Debug|Any CPU
		{B733A20E-1650-4C80-9F17-38A07CA9E2D9}.Release|Any CPU.ActiveCfg = Release|Any CPU
		{B733A20E-1650-4C80-9F17-38A07CA9E2D9}.Release|Any CPU.Build.0 = Release|Any CPU
		{DF6B81AD-35B4-49D3-B93D-AAEEFA56E62F}.Debug|Any CPU.ActiveCfg = Debug|Any CPU
		{DF6B81AD-35B4-49D3-B93D-AAEEFA56E62F}.Debug|Any CPU.Build.0 = Debug|Any CPU
		{DF6B81AD-35B4-49D3-B93D-AAEEFA56E62F}.Release|Any CPU.ActiveCfg = Release|Any CPU
		{DF6B81AD-35B4-49D3-B93D-AAEEFA56E62F}.Release|Any CPU.Build.0 = Release|Any CPU
	EndGlobalSection
	GlobalSection(SolutionProperties) = preSolution
		HideSolutionNode = FALSE
	EndGlobalSection
	GlobalSection(ExtensibilityGlobals) = postSolution
		SolutionGuid = {8CA84BC8-0382-419F-AC1D-DDE8B6B88474}
	EndGlobalSection
EndGlobal
