
Microsoft Visual Studio Solution File, Format Version 12.00
# Visual Studio Version 17
VisualStudioVersion = 17.9.34728.123
MinimumVisualStudioVersion = 10.0.40219.1
Project("{9A19103F-16F7-4668-BE54-9A1E7A4F7556}") = "Foundation.Services.ImageProcessor", "Foundation.Services.ImageProcessor\Foundation.Services.ImageProcessor.csproj", "{2C949C1A-51E7-471A-96B8-74EC62D2AAB4}"
EndProject
Project("{9A19103F-16F7-4668-BE54-9A1E7A4F7556}") = "Foundation.Services.ImageProcessor.Core", "Foundation.Services.ImageProcessor.Core\Foundation.Services.ImageProcessor.Core.csproj", "{8D124C4D-4FBE-4747-9F24-3E708453BC41}"
EndProject
Global
	GlobalSection(SolutionConfigurationPlatforms) = preSolution
		Debug|Any CPU = Debug|Any CPU
		Release|Any CPU = Release|Any CPU
	EndGlobalSection
	GlobalSection(ProjectConfigurationPlatforms) = postSolution
		{2C949C1A-51E7-471A-96B8-74EC62D2AAB4}.Debug|Any CPU.ActiveCfg = Debug|Any CPU
		{2C949C1A-51E7-471A-96B8-74EC62D2AAB4}.Debug|Any CPU.Build.0 = Debug|Any CPU
		{2C949C1A-51E7-471A-96B8-74EC62D2AAB4}.Release|Any CPU.ActiveCfg = Release|Any CPU
		{2C949C1A-51E7-471A-96B8-74EC62D2AAB4}.Release|Any CPU.Build.0 = Release|Any CPU
		{8D124C4D-4FBE-4747-9F24-3E708453BC41}.Debug|Any CPU.ActiveCfg = Debug|Any CPU
		{8D124C4D-4FBE-4747-9F24-3E708453BC41}.Debug|Any CPU.Build.0 = Debug|Any CPU
		{8D124C4D-4FBE-4747-9F24-3E708453BC41}.Release|Any CPU.ActiveCfg = Release|Any CPU
		{8D124C4D-4FBE-4747-9F24-3E708453BC41}.Release|Any CPU.Build.0 = Release|Any CPU
	EndGlobalSection
	GlobalSection(SolutionProperties) = preSolution
		HideSolutionNode = FALSE
	EndGlobalSection
	GlobalSection(ExtensibilityGlobals) = postSolution
		SolutionGuid = {15BD3784-99A7-4851-951E-DAE921D71EDF}
	EndGlobalSection
EndGlobal
